
Microsoft Visual Studio Solution File, Format Version 12.00
# Visual Studio Version 16
VisualStudioVersion = 16.0.29613.14
MinimumVisualStudioVersion = 10.0.40219.1
Project("{FAE04EC0-301F-11D3-BF4B-00C04F79EFBC}") = "CSharp8Intro", "CSharp8Intro.csproj", "{21AF7036-11EB-41A3-9306-BACF4FBED6BE}"
EndProject
Global
	GlobalSection(SolutionConfigurationPlatforms) = preSolution
		Debug|Any CPU = Debug|Any CPU
		Release|Any CPU = Release|Any CPU
	EndGlobalSection
	GlobalSection(ProjectConfigurationPlatforms) = postSolution
		{21AF7036-11EB-41A3-9306-BACF4FBED6BE}.Debug|Any CPU.ActiveCfg = Debug|Any CPU
		{21AF7036-11EB-41A3-9306-BACF4FBED6BE}.Debug|Any CPU.Build.0 = Debug|Any CPU
		{21AF7036-11EB-41A3-9306-BACF4FBED6BE}.Release|Any CPU.ActiveCfg = Release|Any CPU
		{21AF7036-11EB-41A3-9306-BACF4FBED6BE}.Release|Any CPU.Build.0 = Release|Any CPU
	EndGlobalSection
	GlobalSection(SolutionProperties) = preSolution
		HideSolutionNode = FALSE
	EndGlobalSection
	GlobalSection(ExtensibilityGlobals) = postSolution
		SolutionGuid = {6F5CC60D-E89E-4508-994B-D9F4D8C672EE}
	EndGlobalSection
EndGlobal
